
Microsoft Visual Studio Solution File, Format Version 12.00
# Visual Studio Version 17
VisualStudioVersion = 17.0.31903.59
MinimumVisualStudioVersion = 10.0.40219.1
Project("{FAE04EC0-301F-11D3-BF4B-00C04F79EFBC}") = "API", "API\API.csproj", "{F12622D5-9F24-493C-AABA-ED961E189D83}"
EndProject
Project("{FAE04EC0-301F-11D3-BF4B-00C04F79EFBC}") = "API.Tests", "API.Tests\API.Tests.csproj", "{7E4E1661-FA2C-4685-A211-190436DB6CD3}"
EndProject
Project("{FAE04EC0-301F-11D3-BF4B-00C04F79EFBC}") = "OsuApiClient", "OsuApiClient\OsuApiClient.csproj", "{B4BCC472-3002-4428-83BC-B794E5208BC4}"
EndProject
Project("{FAE04EC0-301F-11D3-BF4B-00C04F79EFBC}") = "OsuApiClient.Tests", "OsuApiClient.Tests\OsuApiClient.Tests.csproj", "{2BB99D12-5FF7-47E7-8BA8-83D7FADB2D81}"
EndProject
Project("{FAE04EC0-301F-11D3-BF4B-00C04F79EFBC}") = "Database", "Database\Database.csproj", "{F05AF2BA-2066-45F2-9C5A-3E2C9E3EF17F}"
EndProject
Project("{FAE04EC0-301F-11D3-BF4B-00C04F79EFBC}") = "TestingUtils", "TestingUtils\TestingUtils.csproj", "{24F4D738-0059-4B0B-8CE7-653A410D88DC}"
EndProject
Project("{FAE04EC0-301F-11D3-BF4B-00C04F79EFBC}") = "API.Utils.Jwt", "API.Utils.Jwt\API.Utils.Jwt.csproj", "{DBC623E1-1C50-4EE0-BCE8-1E7A83409EC7}"
EndProject
Project("{FAE04EC0-301F-11D3-BF4B-00C04F79EFBC}") = "Common", "Common\Common.csproj", "{ADDB0136-2631-4791-9160-DE254770447E}"
EndProject
Project("{FAE04EC0-301F-11D3-BF4B-00C04F79EFBC}") = "DWS", "DWS\DWS.csproj", "{18C82091-B79B-4FDB-A271-E8E8AF3EC0D7}"
EndProject
Project("{FAE04EC0-301F-11D3-BF4B-00C04F79EFBC}") = "DWS.Tests", "DWS.Tests\DWS.Tests.csproj", "{EF3B46C2-ABED-4143-9F8E-0607E4547A68}"
EndProject
Global
	GlobalSection(SolutionConfigurationPlatforms) = preSolution
		Debug|Any CPU = Debug|Any CPU
		Debug|x64 = Debug|x64
		Debug|x86 = Debug|x86
		Release|Any CPU = Release|Any CPU
		Release|x64 = Release|x64
		Release|x86 = Release|x86
	EndGlobalSection
	GlobalSection(ProjectConfigurationPlatforms) = postSolution
		{F12622D5-9F24-493C-AABA-ED961E189D83}.Debug|Any CPU.ActiveCfg = Debug|Any CPU
		{F12622D5-9F24-493C-AABA-ED961E189D83}.Debug|Any CPU.Build.0 = Debug|Any CPU
		{F12622D5-9F24-493C-AABA-ED961E189D83}.Debug|x64.ActiveCfg = Debug|Any CPU
		{F12622D5-9F24-493C-AABA-ED961E189D83}.Debug|x64.Build.0 = Debug|Any CPU
		{F12622D5-9F24-493C-AABA-ED961E189D83}.Debug|x86.ActiveCfg = Debug|Any CPU
		{F12622D5-9F24-493C-AABA-ED961E189D83}.Debug|x86.Build.0 = Debug|Any CPU
		{F12622D5-9F24-493C-AABA-ED961E189D83}.Release|Any CPU.ActiveCfg = Release|Any CPU
		{F12622D5-9F24-493C-AABA-ED961E189D83}.Release|Any CPU.Build.0 = Release|Any CPU
		{F12622D5-9F24-493C-AABA-ED961E189D83}.Release|x64.ActiveCfg = Release|Any CPU
		{F12622D5-9F24-493C-AABA-ED961E189D83}.Release|x64.Build.0 = Release|Any CPU
		{F12622D5-9F24-493C-AABA-ED961E189D83}.Release|x86.ActiveCfg = Release|Any CPU
		{F12622D5-9F24-493C-AABA-ED961E189D83}.Release|x86.Build.0 = Release|Any CPU
		{7E4E1661-FA2C-4685-A211-190436DB6CD3}.Debug|Any CPU.ActiveCfg = Debug|Any CPU
		{7E4E1661-FA2C-4685-A211-190436DB6CD3}.Debug|Any CPU.Build.0 = Debug|Any CPU
		{7E4E1661-FA2C-4685-A211-190436DB6CD3}.Debug|x64.ActiveCfg = Debug|Any CPU
		{7E4E1661-FA2C-4685-A211-190436DB6CD3}.Debug|x64.Build.0 = Debug|Any CPU
		{7E4E1661-FA2C-4685-A211-190436DB6CD3}.Debug|x86.ActiveCfg = Debug|Any CPU
		{7E4E1661-FA2C-4685-A211-190436DB6CD3}.Debug|x86.Build.0 = Debug|Any CPU
		{7E4E1661-FA2C-4685-A211-190436DB6CD3}.Release|Any CPU.ActiveCfg = Release|Any CPU
		{7E4E1661-FA2C-4685-A211-190436DB6CD3}.Release|Any CPU.Build.0 = Release|Any CPU
		{7E4E1661-FA2C-4685-A211-190436DB6CD3}.Release|x64.ActiveCfg = Release|Any CPU
		{7E4E1661-FA2C-4685-A211-190436DB6CD3}.Release|x64.Build.0 = Release|Any CPU
		{7E4E1661-FA2C-4685-A211-190436DB6CD3}.Release|x86.ActiveCfg = Release|Any CPU
		{7E4E1661-FA2C-4685-A211-190436DB6CD3}.Release|x86.Build.0 = Release|Any CPU
		{B4BCC472-3002-4428-83BC-B794E5208BC4}.Debug|Any CPU.ActiveCfg = Debug|Any CPU
		{B4BCC472-3002-4428-83BC-B794E5208BC4}.Debug|Any CPU.Build.0 = Debug|Any CPU
		{B4BCC472-3002-4428-83BC-B794E5208BC4}.Debug|x64.ActiveCfg = Debug|Any CPU
		{B4BCC472-3002-4428-83BC-B794E5208BC4}.Debug|x64.Build.0 = Debug|Any CPU
		{B4BCC472-3002-4428-83BC-B794E5208BC4}.Debug|x86.ActiveCfg = Debug|Any CPU
		{B4BCC472-3002-4428-83BC-B794E5208BC4}.Debug|x86.Build.0 = Debug|Any CPU
		{B4BCC472-3002-4428-83BC-B794E5208BC4}.Release|Any CPU.ActiveCfg = Release|Any CPU
		{B4BCC472-3002-4428-83BC-B794E5208BC4}.Release|Any CPU.Build.0 = Release|Any CPU
		{B4BCC472-3002-4428-83BC-B794E5208BC4}.Release|x64.ActiveCfg = Release|Any CPU
		{B4BCC472-3002-4428-83BC-B794E5208BC4}.Release|x64.Build.0 = Release|Any CPU
		{B4BCC472-3002-4428-83BC-B794E5208BC4}.Release|x86.ActiveCfg = Release|Any CPU
		{B4BCC472-3002-4428-83BC-B794E5208BC4}.Release|x86.Build.0 = Release|Any CPU
		{2BB99D12-5FF7-47E7-8BA8-83D7FADB2D81}.Debug|Any CPU.ActiveCfg = Debug|Any CPU
		{2BB99D12-5FF7-47E7-8BA8-83D7FADB2D81}.Debug|Any CPU.Build.0 = Debug|Any CPU
		{2BB99D12-5FF7-47E7-8BA8-83D7FADB2D81}.Debug|x64.ActiveCfg = Debug|Any CPU
		{2BB99D12-5FF7-47E7-8BA8-83D7FADB2D81}.Debug|x64.Build.0 = Debug|Any CPU
		{2BB99D12-5FF7-47E7-8BA8-83D7FADB2D81}.Debug|x86.ActiveCfg = Debug|Any CPU
		{2BB99D12-5FF7-47E7-8BA8-83D7FADB2D81}.Debug|x86.Build.0 = Debug|Any CPU
		{2BB99D12-5FF7-47E7-8BA8-83D7FADB2D81}.Release|Any CPU.ActiveCfg = Release|Any CPU
		{2BB99D12-5FF7-47E7-8BA8-83D7FADB2D81}.Release|Any CPU.Build.0 = Release|Any CPU
		{2BB99D12-5FF7-47E7-8BA8-83D7FADB2D81}.Release|x64.ActiveCfg = Release|Any CPU
		{2BB99D12-5FF7-47E7-8BA8-83D7FADB2D81}.Release|x64.Build.0 = Release|Any CPU
		{2BB99D12-5FF7-47E7-8BA8-83D7FADB2D81}.Release|x86.ActiveCfg = Release|Any CPU
		{2BB99D12-5FF7-47E7-8BA8-83D7FADB2D81}.Release|x86.Build.0 = Release|Any CPU
		{F05AF2BA-2066-45F2-9C5A-3E2C9E3EF17F}.Debug|Any CPU.ActiveCfg = Debug|Any CPU
		{F05AF2BA-2066-45F2-9C5A-3E2C9E3EF17F}.Debug|Any CPU.Build.0 = Debug|Any CPU
		{F05AF2BA-2066-45F2-9C5A-3E2C9E3EF17F}.Debug|x64.ActiveCfg = Debug|Any CPU
		{F05AF2BA-2066-45F2-9C5A-3E2C9E3EF17F}.Debug|x64.Build.0 = Debug|Any CPU
		{F05AF2BA-2066-45F2-9C5A-3E2C9E3EF17F}.Debug|x86.ActiveCfg = Debug|Any CPU
		{F05AF2BA-2066-45F2-9C5A-3E2C9E3EF17F}.Debug|x86.Build.0 = Debug|Any CPU
		{F05AF2BA-2066-45F2-9C5A-3E2C9E3EF17F}.Release|Any CPU.ActiveCfg = Release|Any CPU
		{F05AF2BA-2066-45F2-9C5A-3E2C9E3EF17F}.Release|Any CPU.Build.0 = Release|Any CPU
		{F05AF2BA-2066-45F2-9C5A-3E2C9E3EF17F}.Release|x64.ActiveCfg = Release|Any CPU
		{F05AF2BA-2066-45F2-9C5A-3E2C9E3EF17F}.Release|x64.Build.0 = Release|Any CPU
		{F05AF2BA-2066-45F2-9C5A-3E2C9E3EF17F}.Release|x86.ActiveCfg = Release|Any CPU
		{F05AF2BA-2066-45F2-9C5A-3E2C9E3EF17F}.Release|x86.Build.0 = Release|Any CPU
		{24F4D738-0059-4B0B-8CE7-653A410D88DC}.Debug|Any CPU.ActiveCfg = Debug|Any CPU
		{24F4D738-0059-4B0B-8CE7-653A410D88DC}.Debug|Any CPU.Build.0 = Debug|Any CPU
		{24F4D738-0059-4B0B-8CE7-653A410D88DC}.Debug|x64.ActiveCfg = Debug|Any CPU
		{24F4D738-0059-4B0B-8CE7-653A410D88DC}.Debug|x64.Build.0 = Debug|Any CPU
		{24F4D738-0059-4B0B-8CE7-653A410D88DC}.Debug|x86.ActiveCfg = Debug|Any CPU
		{24F4D738-0059-4B0B-8CE7-653A410D88DC}.Debug|x86.Build.0 = Debug|Any CPU
		{24F4D738-0059-4B0B-8CE7-653A410D88DC}.Release|Any CPU.ActiveCfg = Release|Any CPU
		{24F4D738-0059-4B0B-8CE7-653A410D88DC}.Release|Any CPU.Build.0 = Release|Any CPU
		{24F4D738-0059-4B0B-8CE7-653A410D88DC}.Release|x64.ActiveCfg = Release|Any CPU
		{24F4D738-0059-4B0B-8CE7-653A410D88DC}.Release|x64.Build.0 = Release|Any CPU
		{24F4D738-0059-4B0B-8CE7-653A410D88DC}.Release|x86.ActiveCfg = Release|Any CPU
		{24F4D738-0059-4B0B-8CE7-653A410D88DC}.Release|x86.Build.0 = Release|Any CPU
		{DBC623E1-1C50-4EE0-BCE8-1E7A83409EC7}.Debug|Any CPU.ActiveCfg = Debug|Any CPU
		{DBC623E1-1C50-4EE0-BCE8-1E7A83409EC7}.Debug|Any CPU.Build.0 = Debug|Any CPU
		{DBC623E1-1C50-4EE0-BCE8-1E7A83409EC7}.Debug|x64.ActiveCfg = Debug|Any CPU
		{DBC623E1-1C50-4EE0-BCE8-1E7A83409EC7}.Debug|x64.Build.0 = Debug|Any CPU
		{DBC623E1-1C50-4EE0-BCE8-1E7A83409EC7}.Debug|x86.ActiveCfg = Debug|Any CPU
		{DBC623E1-1C50-4EE0-BCE8-1E7A83409EC7}.Debug|x86.Build.0 = Debug|Any CPU
		{DBC623E1-1C50-4EE0-BCE8-1E7A83409EC7}.Release|Any CPU.ActiveCfg = Release|Any CPU
		{DBC623E1-1C50-4EE0-BCE8-1E7A83409EC7}.Release|Any CPU.Build.0 = Release|Any CPU
		{DBC623E1-1C50-4EE0-BCE8-1E7A83409EC7}.Release|x64.ActiveCfg = Release|Any CPU
		{DBC623E1-1C50-4EE0-BCE8-1E7A83409EC7}.Release|x64.Build.0 = Release|Any CPU
		{DBC623E1-1C50-4EE0-BCE8-1E7A83409EC7}.Release|x86.ActiveCfg = Release|Any CPU
		{DBC623E1-1C50-4EE0-BCE8-1E7A83409EC7}.Release|x86.Build.0 = Release|Any CPU
		{ADDB0136-2631-4791-9160-DE254770447E}.Debug|Any CPU.ActiveCfg = Debug|Any CPU
		{ADDB0136-2631-4791-9160-DE254770447E}.Debug|Any CPU.Build.0 = Debug|Any CPU
		{ADDB0136-2631-4791-9160-DE254770447E}.Debug|x64.ActiveCfg = Debug|Any CPU
		{ADDB0136-2631-4791-9160-DE254770447E}.Debug|x64.Build.0 = Debug|Any CPU
		{ADDB0136-2631-4791-9160-DE254770447E}.Debug|x86.ActiveCfg = Debug|Any CPU
		{ADDB0136-2631-4791-9160-DE254770447E}.Debug|x86.Build.0 = Debug|Any CPU
		{ADDB0136-2631-4791-9160-DE254770447E}.Release|Any CPU.ActiveCfg = Release|Any CPU
		{ADDB0136-2631-4791-9160-DE254770447E}.Release|Any CPU.Build.0 = Release|Any CPU
		{ADDB0136-2631-4791-9160-DE254770447E}.Release|x64.ActiveCfg = Release|Any CPU
		{ADDB0136-2631-4791-9160-DE254770447E}.Release|x64.Build.0 = Release|Any CPU
		{ADDB0136-2631-4791-9160-DE254770447E}.Release|x86.ActiveCfg = Release|Any CPU
		{ADDB0136-2631-4791-9160-DE254770447E}.Release|x86.Build.0 = Release|Any CPU
		{18C82091-B79B-4FDB-A271-E8E8AF3EC0D7}.Debug|Any CPU.ActiveCfg = Debug|Any CPU
		{18C82091-B79B-4FDB-A271-E8E8AF3EC0D7}.Debug|Any CPU.Build.0 = Debug|Any CPU
		{18C82091-B79B-4FDB-A271-E8E8AF3EC0D7}.Debug|x64.ActiveCfg = Debug|Any CPU
		{18C82091-B79B-4FDB-A271-E8E8AF3EC0D7}.Debug|x64.Build.0 = Debug|Any CPU
		{18C82091-B79B-4FDB-A271-E8E8AF3EC0D7}.Debug|x86.ActiveCfg = Debug|Any CPU
		{18C82091-B79B-4FDB-A271-E8E8AF3EC0D7}.Debug|x86.Build.0 = Debug|Any CPU
		{18C82091-B79B-4FDB-A271-E8E8AF3EC0D7}.Release|Any CPU.ActiveCfg = Release|Any CPU
		{18C82091-B79B-4FDB-A271-E8E8AF3EC0D7}.Release|Any CPU.Build.0 = Release|Any CPU
		{18C82091-B79B-4FDB-A271-E8E8AF3EC0D7}.Release|x64.ActiveCfg = Release|Any CPU
		{18C82091-B79B-4FDB-A271-E8E8AF3EC0D7}.Release|x64.Build.0 = Release|Any CPU
		{18C82091-B79B-4FDB-A271-E8E8AF3EC0D7}.Release|x86.ActiveCfg = Release|Any CPU
		{18C82091-B79B-4FDB-A271-E8E8AF3EC0D7}.Release|x86.Build.0 = Release|Any CPU
		{EF3B46C2-ABED-4143-9F8E-0607E4547A68}.Debug|Any CPU.ActiveCfg = Debug|Any CPU
		{EF3B46C2-ABED-4143-9F8E-0607E4547A68}.Debug|Any CPU.Build.0 = Debug|Any CPU
		{EF3B46C2-ABED-4143-9F8E-0607E4547A68}.Debug|x64.ActiveCfg = Debug|Any CPU
		{EF3B46C2-ABED-4143-9F8E-0607E4547A68}.Debug|x64.Build.0 = Debug|Any CPU
		{EF3B46C2-ABED-4143-9F8E-0607E4547A68}.Debug|x86.ActiveCfg = Debug|Any CPU
		{EF3B46C2-ABED-4143-9F8E-0607E4547A68}.Debug|x86.Build.0 = Debug|Any CPU
		{EF3B46C2-ABED-4143-9F8E-0607E4547A68}.Release|Any CPU.ActiveCfg = Release|Any CPU
		{EF3B46C2-ABED-4143-9F8E-0607E4547A68}.Release|Any CPU.Build.0 = Release|Any CPU
		{EF3B46C2-ABED-4143-9F8E-0607E4547A68}.Release|x64.ActiveCfg = Release|Any CPU
		{EF3B46C2-ABED-4143-9F8E-0607E4547A68}.Release|x64.Build.0 = Release|Any CPU
		{EF3B46C2-ABED-4143-9F8E-0607E4547A68}.Release|x86.ActiveCfg = Release|Any CPU
		{EF3B46C2-ABED-4143-9F8E-0607E4547A68}.Release|x86.Build.0 = Release|Any CPU
	EndGlobalSection
	GlobalSection(SolutionProperties) = preSolution
		HideSolutionNode = FALSE
	EndGlobalSection
EndGlobal
