
Microsoft Visual Studio Solution File, Format Version 12.00
# Visual Studio Version 17
VisualStudioVersion = 17.0.31903.59
MinimumVisualStudioVersion = 10.0.40219.1
Project("{FAE04EC0-301F-11D3-BF4B-00C04F79EFBC}") = "API", "API\API.csproj", "{F12622D5-9F24-493C-AABA-ED961E189D83}"
EndProject
Project("{FAE04EC0-301F-11D3-BF4B-00C04F79EFBC}") = "APITests", "APITests\APITests.csproj", "{7E4E1661-FA2C-4685-A211-190436DB6CD3}"
EndProject
Global
	GlobalSection(SolutionConfigurationPlatforms) = preSolution
		Debug|Any CPU = Debug|Any CPU
		Release|Any CPU = Release|Any CPU
	EndGlobalSection
	GlobalSection(SolutionProperties) = preSolution
		HideSolutionNode = FALSE
	EndGlobalSection
	GlobalSection(ProjectConfigurationPlatforms) = postSolution
		{F12622D5-9F24-493C-AABA-ED961E189D83}.Debug|Any CPU.ActiveCfg = Debug|Any CPU
		{F12622D5-9F24-493C-AABA-ED961E189D83}.Debug|Any CPU.Build.0 = Debug|Any CPU
		{F12622D5-9F24-493C-AABA-ED961E189D83}.Release|Any CPU.ActiveCfg = Release|Any CPU
		{F12622D5-9F24-493C-AABA-ED961E189D83}.Release|Any CPU.Build.0 = Release|Any CPU
		{7E4E1661-FA2C-4685-A211-190436DB6CD3}.Debug|Any CPU.ActiveCfg = Debug|Any CPU
		{7E4E1661-FA2C-4685-A211-190436DB6CD3}.Debug|Any CPU.Build.0 = Debug|Any CPU
		{7E4E1661-FA2C-4685-A211-190436DB6CD3}.Release|Any CPU.ActiveCfg = Release|Any CPU
		{7E4E1661-FA2C-4685-A211-190436DB6CD3}.Release|Any CPU.Build.0 = Release|Any CPU
	EndGlobalSection
EndGlobal
